
Microsoft Visual Studio Solution File, Format Version 12.00
# Visual Studio Version 17
VisualStudioVersion = 17.3.32804.467
MinimumVisualStudioVersion = 10.0.40219.1
Project("{FAE04EC0-301F-11D3-BF4B-00C04F79EFBC}") = "NZWalks.API", "NZWalks.API\NZWalks.API.csproj", "{2585680A-CEB1-4413-9CF9-054BC34A31D0}"
EndProject
Global
	GlobalSection(SolutionConfigurationPlatforms) = preSolution
		Debug|Any CPU = Debug|Any CPU
		Release|Any CPU = Release|Any CPU
	EndGlobalSection
	GlobalSection(ProjectConfigurationPlatforms) = postSolution
		{2585680A-CEB1-4413-9CF9-054BC34A31D0}.Debug|Any CPU.ActiveCfg = Debug|Any CPU
		{2585680A-CEB1-4413-9CF9-054BC34A31D0}.Debug|Any CPU.Build.0 = Debug|Any CPU
		{2585680A-CEB1-4413-9CF9-054BC34A31D0}.Release|Any CPU.ActiveCfg = Release|Any CPU
		{2585680A-CEB1-4413-9CF9-054BC34A31D0}.Release|Any CPU.Build.0 = Release|Any CPU
	EndGlobalSection
	GlobalSection(SolutionProperties) = preSolution
		HideSolutionNode = FALSE
	EndGlobalSection
	GlobalSection(ExtensibilityGlobals) = postSolution
		SolutionGuid = {78E2404B-A5BF-4F56-BC29-3A5893992AC4}
	EndGlobalSection
EndGlobal
